
Microsoft Visual Studio Solution File, Format Version 12.00
# Visual Studio Version 17
VisualStudioVersion = 17.1.31911.260
MinimumVisualStudioVersion = 10.0.40219.1
Project("{9A19103F-16F7-4668-BE54-9A1E7A4F7556}") = "Delegaten01", "Delegaten01\Delegaten01.csproj", "{0892B4F4-A05A-44EF-812A-2855E6A50B21}"
EndProject
Project("{9A19103F-16F7-4668-BE54-9A1E7A4F7556}") = "Strings01", "Strings01\Strings01.csproj", "{730B9FF9-71C4-4A84-8835-2B6A98007C24}"
EndProject
Project("{9A19103F-16F7-4668-BE54-9A1E7A4F7556}") = "GarbageCollector01", "GarbageCollector01\GarbageCollector01.csproj", "{E9D8EA80-60E1-4A1E-83F4-0F9CD9A442E4}"
EndProject
Project("{9A19103F-16F7-4668-BE54-9A1E7A4F7556}") = "Basics01", "Basics01\Basics01.csproj", "{7860868F-E924-46E8-8FD5-4FC827662275}"
EndProject
Project("{9A19103F-16F7-4668-BE54-9A1E7A4F7556}") = "Delegaten02", "Delegaten02\Delegaten02.csproj", "{0D508599-7435-4428-A903-014E68D9EF78}"
EndProject
Project("{9A19103F-16F7-4668-BE54-9A1E7A4F7556}") = "Delegates03", "Delegates03\Delegates03.csproj", "{84995DFC-CA09-4086-B292-7ABC28ED23C0}"
EndProject
Project("{9A19103F-16F7-4668-BE54-9A1E7A4F7556}") = "Delegaten04_Wiederholung", "Delegaten04_Wiederholung\Delegaten04_Wiederholung.csproj", "{9BB4429F-6718-4327-891C-C681CFC50EF5}"
EndProject
Project("{9A19103F-16F7-4668-BE54-9A1E7A4F7556}") = "Events01", "Events01\Events01.csproj", "{33A50517-09E7-4FFE-BBBF-3FDCF783A184}"
EndProject
Project("{9A19103F-16F7-4668-BE54-9A1E7A4F7556}") = "Delegaten05_Uebung", "Delegaten05_Uebung\Delegaten05_Uebung.csproj", "{191B55A8-1612-4C99-841F-ADCD4C3EEAE2}"
EndProject
Project("{9A19103F-16F7-4668-BE54-9A1E7A4F7556}") = "Basics02", "Basics02\Basics02.csproj", "{7945C2A9-B2DB-4498-A607-298719365406}"
EndProject
Project("{9A19103F-16F7-4668-BE54-9A1E7A4F7556}") = "Reflections01", "Reflections01\Reflections01.csproj", "{6A1BCCB6-AB4F-4C24-9CC5-30D70EC95620}"
EndProject
Project("{9A19103F-16F7-4668-BE54-9A1E7A4F7556}") = "Serializer01", "Serializer01\Serializer01.csproj", "{24E482F7-6006-4E87-87CE-5A485C809586}"
EndProject
Project("{9A19103F-16F7-4668-BE54-9A1E7A4F7556}") = "WpfApp1", "WpfApp1\WpfApp1.csproj", "{AB45EAA6-C353-46D7-8E90-60962B544826}"
EndProject
Project("{9A19103F-16F7-4668-BE54-9A1E7A4F7556}") = "Reflections_Uebung", "Reflections_Uebung\Reflections_Uebung.csproj", "{81246AAA-4516-4B83-92CB-C78AE0BC0D78}"
EndProject
Project("{9A19103F-16F7-4668-BE54-9A1E7A4F7556}") = "LINQ01", "LINQ01\LINQ01.csproj", "{B777F5E8-8D8C-4E89-AE66-A724ED32ABED}"
EndProject
Project("{9A19103F-16F7-4668-BE54-9A1E7A4F7556}") = "DataGenerator", "DataGenerator\DataGenerator.csproj", "{2E095418-D0C7-4DFD-A804-F14AA8120BE9}"
EndProject
Project("{FAE04EC0-301F-11D3-BF4B-00C04F79EFBC}") = "Uebung_Wetterdaten", "Uebung_Wetterdaten\Uebung_Wetterdaten.csproj", "{95BA26C5-CB99-4176-8C19-E9A24D34A4B7}"
EndProject
Project("{9A19103F-16F7-4668-BE54-9A1E7A4F7556}") = "MVVM01", "MVVM01\MVVM01.csproj", "{BB23AA1D-CE20-4FEB-8001-F30062D6B3DA}"
EndProject
Project("{9A19103F-16F7-4668-BE54-9A1E7A4F7556}") = "ADO01", "ADO01\ADO01.csproj", "{B201B311-2A16-4F50-85B8-060FC4B1BED8}"
EndProject
Project("{9A19103F-16F7-4668-BE54-9A1E7A4F7556}") = "EF_01", "EF_01\EF_01.csproj", "{99BD944E-AA85-40FC-88DE-BC87A2BD4F91}"
EndProject
Project("{9A19103F-16F7-4668-BE54-9A1E7A4F7556}") = "Threads_01", "Threads_01\Threads_01.csproj", "{227EEF6E-8BC1-47AC-AE29-1CC8190E520A}"
EndProject
Project("{9A19103F-16F7-4668-BE54-9A1E7A4F7556}") = "ConsoleApp2", "ConsoleApp2\ConsoleApp2.csproj", "{73ED98CB-D066-47F5-A5AC-26883A930276}"
EndProject
Project("{9A19103F-16F7-4668-BE54-9A1E7A4F7556}") = "Threads02", "Threads02\Threads02.csproj", "{3EB286EB-7B8D-47BA-87C6-04330A0EAF8A}"
EndProject
Project("{9A19103F-16F7-4668-BE54-9A1E7A4F7556}") = "Threads03", "Threads03\Threads03.csproj", "{787B6374-455B-4953-8C79-1D17A3B75F0D}"
EndProject
Project("{9A19103F-16F7-4668-BE54-9A1E7A4F7556}") = "Threads04", "Threads04\Threads04.csproj", "{B35FA9C5-9528-4288-963D-3A4B58D3C289}"
EndProject
Project("{9A19103F-16F7-4668-BE54-9A1E7A4F7556}") = "Aufgabe_Async01", "Aufgabe_Async01\Aufgabe_Async01.csproj", "{7A5EB5E5-F4F7-4DDA-9719-905C666DD63D}"
EndProject
Project("{9A19103F-16F7-4668-BE54-9A1E7A4F7556}") = "Threads_Winforms_05", "Threads_Winforms_05\Threads_Winforms_05.csproj", "{08F08F6E-D651-4E4D-91B4-0959130ED92C}"
EndProject
Project("{9A19103F-16F7-4668-BE54-9A1E7A4F7556}") = "SpeisendePhilosophen", "SpeisendePhilosophen\SpeisendePhilosophen.csproj", "{0BC2C5E2-0C36-4A22-8F7D-5349F689ACA7}"
EndProject
Project("{9A19103F-16F7-4668-BE54-9A1E7A4F7556}") = "spp", "spp\spp.csproj", "{837E9383-4F81-4C22-A669-BC198CBC17C8}"
EndProject
Project("{FAE04EC0-301F-11D3-BF4B-00C04F79EFBC}") = "Tasks01", "Tasks01\Tasks01.csproj", "{767D1397-35E0-40B3-9912-45F955E47D22}"
EndProject
Project("{FAE04EC0-301F-11D3-BF4B-00C04F79EFBC}") = "Task02", "Task02\Task02.csproj", "{C750CF7D-419A-4A05-9BDA-6E2EC29FBDA7}"
EndProject
Project("{FAE04EC0-301F-11D3-BF4B-00C04F79EFBC}") = "Task03", "Task03\Task03.csproj", "{38E1D662-D7A0-4BB9-9748-9FCC51F15E62}"
EndProject
Project("{FAE04EC0-301F-11D3-BF4B-00C04F79EFBC}") = "Parallel01", "Parallel01\Parallel01.csproj", "{186685AF-680D-49F3-B269-D3C6AC1B0074}"
EndProject
Global
	GlobalSection(SolutionConfigurationPlatforms) = preSolution
		Debug|Any CPU = Debug|Any CPU
		Debug|x64 = Debug|x64
		Debug|x86 = Debug|x86
		Release|Any CPU = Release|Any CPU
		Release|x64 = Release|x64
		Release|x86 = Release|x86
	EndGlobalSection
	GlobalSection(ProjectConfigurationPlatforms) = postSolution
		{0892B4F4-A05A-44EF-812A-2855E6A50B21}.Debug|Any CPU.ActiveCfg = Debug|Any CPU
		{0892B4F4-A05A-44EF-812A-2855E6A50B21}.Debug|Any CPU.Build.0 = Debug|Any CPU
		{0892B4F4-A05A-44EF-812A-2855E6A50B21}.Debug|x64.ActiveCfg = Debug|Any CPU
		{0892B4F4-A05A-44EF-812A-2855E6A50B21}.Debug|x64.Build.0 = Debug|Any CPU
		{0892B4F4-A05A-44EF-812A-2855E6A50B21}.Debug|x86.ActiveCfg = Debug|Any CPU
		{0892B4F4-A05A-44EF-812A-2855E6A50B21}.Debug|x86.Build.0 = Debug|Any CPU
		{0892B4F4-A05A-44EF-812A-2855E6A50B21}.Release|Any CPU.ActiveCfg = Release|Any CPU
		{0892B4F4-A05A-44EF-812A-2855E6A50B21}.Release|Any CPU.Build.0 = Release|Any CPU
		{0892B4F4-A05A-44EF-812A-2855E6A50B21}.Release|x64.ActiveCfg = Release|Any CPU
		{0892B4F4-A05A-44EF-812A-2855E6A50B21}.Release|x64.Build.0 = Release|Any CPU
		{0892B4F4-A05A-44EF-812A-2855E6A50B21}.Release|x86.ActiveCfg = Release|Any CPU
		{0892B4F4-A05A-44EF-812A-2855E6A50B21}.Release|x86.Build.0 = Release|Any CPU
		{730B9FF9-71C4-4A84-8835-2B6A98007C24}.Debug|Any CPU.ActiveCfg = Debug|Any CPU
		{730B9FF9-71C4-4A84-8835-2B6A98007C24}.Debug|Any CPU.Build.0 = Debug|Any CPU
		{730B9FF9-71C4-4A84-8835-2B6A98007C24}.Debug|x64.ActiveCfg = Debug|Any CPU
		{730B9FF9-71C4-4A84-8835-2B6A98007C24}.Debug|x64.Build.0 = Debug|Any CPU
		{730B9FF9-71C4-4A84-8835-2B6A98007C24}.Debug|x86.ActiveCfg = Debug|Any CPU
		{730B9FF9-71C4-4A84-8835-2B6A98007C24}.Debug|x86.Build.0 = Debug|Any CPU
		{730B9FF9-71C4-4A84-8835-2B6A98007C24}.Release|Any CPU.ActiveCfg = Release|Any CPU
		{730B9FF9-71C4-4A84-8835-2B6A98007C24}.Release|Any CPU.Build.0 = Release|Any CPU
		{730B9FF9-71C4-4A84-8835-2B6A98007C24}.Release|x64.ActiveCfg = Release|Any CPU
		{730B9FF9-71C4-4A84-8835-2B6A98007C24}.Release|x64.Build.0 = Release|Any CPU
		{730B9FF9-71C4-4A84-8835-2B6A98007C24}.Release|x86.ActiveCfg = Release|Any CPU
		{730B9FF9-71C4-4A84-8835-2B6A98007C24}.Release|x86.Build.0 = Release|Any CPU
		{E9D8EA80-60E1-4A1E-83F4-0F9CD9A442E4}.Debug|Any CPU.ActiveCfg = Debug|Any CPU
		{E9D8EA80-60E1-4A1E-83F4-0F9CD9A442E4}.Debug|Any CPU.Build.0 = Debug|Any CPU
		{E9D8EA80-60E1-4A1E-83F4-0F9CD9A442E4}.Debug|x64.ActiveCfg = Debug|Any CPU
		{E9D8EA80-60E1-4A1E-83F4-0F9CD9A442E4}.Debug|x64.Build.0 = Debug|Any CPU
		{E9D8EA80-60E1-4A1E-83F4-0F9CD9A442E4}.Debug|x86.ActiveCfg = Debug|Any CPU
		{E9D8EA80-60E1-4A1E-83F4-0F9CD9A442E4}.Debug|x86.Build.0 = Debug|Any CPU
		{E9D8EA80-60E1-4A1E-83F4-0F9CD9A442E4}.Release|Any CPU.ActiveCfg = Release|Any CPU
		{E9D8EA80-60E1-4A1E-83F4-0F9CD9A442E4}.Release|Any CPU.Build.0 = Release|Any CPU
		{E9D8EA80-60E1-4A1E-83F4-0F9CD9A442E4}.Release|x64.ActiveCfg = Release|Any CPU
		{E9D8EA80-60E1-4A1E-83F4-0F9CD9A442E4}.Release|x64.Build.0 = Release|Any CPU
		{E9D8EA80-60E1-4A1E-83F4-0F9CD9A442E4}.Release|x86.ActiveCfg = Release|Any CPU
		{E9D8EA80-60E1-4A1E-83F4-0F9CD9A442E4}.Release|x86.Build.0 = Release|Any CPU
		{7860868F-E924-46E8-8FD5-4FC827662275}.Debug|Any CPU.ActiveCfg = Debug|Any CPU
		{7860868F-E924-46E8-8FD5-4FC827662275}.Debug|Any CPU.Build.0 = Debug|Any CPU
		{7860868F-E924-46E8-8FD5-4FC827662275}.Debug|x64.ActiveCfg = Debug|Any CPU
		{7860868F-E924-46E8-8FD5-4FC827662275}.Debug|x64.Build.0 = Debug|Any CPU
		{7860868F-E924-46E8-8FD5-4FC827662275}.Debug|x86.ActiveCfg = Debug|Any CPU
		{7860868F-E924-46E8-8FD5-4FC827662275}.Debug|x86.Build.0 = Debug|Any CPU
		{7860868F-E924-46E8-8FD5-4FC827662275}.Release|Any CPU.ActiveCfg = Release|Any CPU
		{7860868F-E924-46E8-8FD5-4FC827662275}.Release|Any CPU.Build.0 = Release|Any CPU
		{7860868F-E924-46E8-8FD5-4FC827662275}.Release|x64.ActiveCfg = Release|Any CPU
		{7860868F-E924-46E8-8FD5-4FC827662275}.Release|x64.Build.0 = Release|Any CPU
		{7860868F-E924-46E8-8FD5-4FC827662275}.Release|x86.ActiveCfg = Release|Any CPU
		{7860868F-E924-46E8-8FD5-4FC827662275}.Release|x86.Build.0 = Release|Any CPU
		{0D508599-7435-4428-A903-014E68D9EF78}.Debug|Any CPU.ActiveCfg = Debug|Any CPU
		{0D508599-7435-4428-A903-014E68D9EF78}.Debug|Any CPU.Build.0 = Debug|Any CPU
		{0D508599-7435-4428-A903-014E68D9EF78}.Debug|x64.ActiveCfg = Debug|Any CPU
		{0D508599-7435-4428-A903-014E68D9EF78}.Debug|x64.Build.0 = Debug|Any CPU
		{0D508599-7435-4428-A903-014E68D9EF78}.Debug|x86.ActiveCfg = Debug|Any CPU
		{0D508599-7435-4428-A903-014E68D9EF78}.Debug|x86.Build.0 = Debug|Any CPU
		{0D508599-7435-4428-A903-014E68D9EF78}.Release|Any CPU.ActiveCfg = Release|Any CPU
		{0D508599-7435-4428-A903-014E68D9EF78}.Release|Any CPU.Build.0 = Release|Any CPU
		{0D508599-7435-4428-A903-014E68D9EF78}.Release|x64.ActiveCfg = Release|Any CPU
		{0D508599-7435-4428-A903-014E68D9EF78}.Release|x64.Build.0 = Release|Any CPU
		{0D508599-7435-4428-A903-014E68D9EF78}.Release|x86.ActiveCfg = Release|Any CPU
		{0D508599-7435-4428-A903-014E68D9EF78}.Release|x86.Build.0 = Release|Any CPU
		{84995DFC-CA09-4086-B292-7ABC28ED23C0}.Debug|Any CPU.ActiveCfg = Debug|Any CPU
		{84995DFC-CA09-4086-B292-7ABC28ED23C0}.Debug|Any CPU.Build.0 = Debug|Any CPU
		{84995DFC-CA09-4086-B292-7ABC28ED23C0}.Debug|x64.ActiveCfg = Debug|Any CPU
		{84995DFC-CA09-4086-B292-7ABC28ED23C0}.Debug|x64.Build.0 = Debug|Any CPU
		{84995DFC-CA09-4086-B292-7ABC28ED23C0}.Debug|x86.ActiveCfg = Debug|Any CPU
		{84995DFC-CA09-4086-B292-7ABC28ED23C0}.Debug|x86.Build.0 = Debug|Any CPU
		{84995DFC-CA09-4086-B292-7ABC28ED23C0}.Release|Any CPU.ActiveCfg = Release|Any CPU
		{84995DFC-CA09-4086-B292-7ABC28ED23C0}.Release|Any CPU.Build.0 = Release|Any CPU
		{84995DFC-CA09-4086-B292-7ABC28ED23C0}.Release|x64.ActiveCfg = Release|Any CPU
		{84995DFC-CA09-4086-B292-7ABC28ED23C0}.Release|x64.Build.0 = Release|Any CPU
		{84995DFC-CA09-4086-B292-7ABC28ED23C0}.Release|x86.ActiveCfg = Release|Any CPU
		{84995DFC-CA09-4086-B292-7ABC28ED23C0}.Release|x86.Build.0 = Release|Any CPU
		{9BB4429F-6718-4327-891C-C681CFC50EF5}.Debug|Any CPU.ActiveCfg = Debug|Any CPU
		{9BB4429F-6718-4327-891C-C681CFC50EF5}.Debug|Any CPU.Build.0 = Debug|Any CPU
		{9BB4429F-6718-4327-891C-C681CFC50EF5}.Debug|x64.ActiveCfg = Debug|Any CPU
		{9BB4429F-6718-4327-891C-C681CFC50EF5}.Debug|x64.Build.0 = Debug|Any CPU
		{9BB4429F-6718-4327-891C-C681CFC50EF5}.Debug|x86.ActiveCfg = Debug|Any CPU
		{9BB4429F-6718-4327-891C-C681CFC50EF5}.Debug|x86.Build.0 = Debug|Any CPU
		{9BB4429F-6718-4327-891C-C681CFC50EF5}.Release|Any CPU.ActiveCfg = Release|Any CPU
		{9BB4429F-6718-4327-891C-C681CFC50EF5}.Release|Any CPU.Build.0 = Release|Any CPU
		{9BB4429F-6718-4327-891C-C681CFC50EF5}.Release|x64.ActiveCfg = Release|Any CPU
		{9BB4429F-6718-4327-891C-C681CFC50EF5}.Release|x64.Build.0 = Release|Any CPU
		{9BB4429F-6718-4327-891C-C681CFC50EF5}.Release|x86.ActiveCfg = Release|Any CPU
		{9BB4429F-6718-4327-891C-C681CFC50EF5}.Release|x86.Build.0 = Release|Any CPU
		{33A50517-09E7-4FFE-BBBF-3FDCF783A184}.Debug|Any CPU.ActiveCfg = Debug|Any CPU
		{33A50517-09E7-4FFE-BBBF-3FDCF783A184}.Debug|Any CPU.Build.0 = Debug|Any CPU
		{33A50517-09E7-4FFE-BBBF-3FDCF783A184}.Debug|x64.ActiveCfg = Debug|Any CPU
		{33A50517-09E7-4FFE-BBBF-3FDCF783A184}.Debug|x64.Build.0 = Debug|Any CPU
		{33A50517-09E7-4FFE-BBBF-3FDCF783A184}.Debug|x86.ActiveCfg = Debug|Any CPU
		{33A50517-09E7-4FFE-BBBF-3FDCF783A184}.Debug|x86.Build.0 = Debug|Any CPU
		{33A50517-09E7-4FFE-BBBF-3FDCF783A184}.Release|Any CPU.ActiveCfg = Release|Any CPU
		{33A50517-09E7-4FFE-BBBF-3FDCF783A184}.Release|Any CPU.Build.0 = Release|Any CPU
		{33A50517-09E7-4FFE-BBBF-3FDCF783A184}.Release|x64.ActiveCfg = Release|Any CPU
		{33A50517-09E7-4FFE-BBBF-3FDCF783A184}.Release|x64.Build.0 = Release|Any CPU
		{33A50517-09E7-4FFE-BBBF-3FDCF783A184}.Release|x86.ActiveCfg = Release|Any CPU
		{33A50517-09E7-4FFE-BBBF-3FDCF783A184}.Release|x86.Build.0 = Release|Any CPU
		{191B55A8-1612-4C99-841F-ADCD4C3EEAE2}.Debug|Any CPU.ActiveCfg = Debug|Any CPU
		{191B55A8-1612-4C99-841F-ADCD4C3EEAE2}.Debug|Any CPU.Build.0 = Debug|Any CPU
		{191B55A8-1612-4C99-841F-ADCD4C3EEAE2}.Debug|x64.ActiveCfg = Debug|Any CPU
		{191B55A8-1612-4C99-841F-ADCD4C3EEAE2}.Debug|x64.Build.0 = Debug|Any CPU
		{191B55A8-1612-4C99-841F-ADCD4C3EEAE2}.Debug|x86.ActiveCfg = Debug|Any CPU
		{191B55A8-1612-4C99-841F-ADCD4C3EEAE2}.Debug|x86.Build.0 = Debug|Any CPU
		{191B55A8-1612-4C99-841F-ADCD4C3EEAE2}.Release|Any CPU.ActiveCfg = Release|Any CPU
		{191B55A8-1612-4C99-841F-ADCD4C3EEAE2}.Release|Any CPU.Build.0 = Release|Any CPU
		{191B55A8-1612-4C99-841F-ADCD4C3EEAE2}.Release|x64.ActiveCfg = Release|Any CPU
		{191B55A8-1612-4C99-841F-ADCD4C3EEAE2}.Release|x64.Build.0 = Release|Any CPU
		{191B55A8-1612-4C99-841F-ADCD4C3EEAE2}.Release|x86.ActiveCfg = Release|Any CPU
		{191B55A8-1612-4C99-841F-ADCD4C3EEAE2}.Release|x86.Build.0 = Release|Any CPU
		{7945C2A9-B2DB-4498-A607-298719365406}.Debug|Any CPU.ActiveCfg = Debug|Any CPU
		{7945C2A9-B2DB-4498-A607-298719365406}.Debug|Any CPU.Build.0 = Debug|Any CPU
		{7945C2A9-B2DB-4498-A607-298719365406}.Debug|x64.ActiveCfg = Debug|Any CPU
		{7945C2A9-B2DB-4498-A607-298719365406}.Debug|x64.Build.0 = Debug|Any CPU
		{7945C2A9-B2DB-4498-A607-298719365406}.Debug|x86.ActiveCfg = Debug|Any CPU
		{7945C2A9-B2DB-4498-A607-298719365406}.Debug|x86.Build.0 = Debug|Any CPU
		{7945C2A9-B2DB-4498-A607-298719365406}.Release|Any CPU.ActiveCfg = Release|Any CPU
		{7945C2A9-B2DB-4498-A607-298719365406}.Release|Any CPU.Build.0 = Release|Any CPU
		{7945C2A9-B2DB-4498-A607-298719365406}.Release|x64.ActiveCfg = Release|Any CPU
		{7945C2A9-B2DB-4498-A607-298719365406}.Release|x64.Build.0 = Release|Any CPU
		{7945C2A9-B2DB-4498-A607-298719365406}.Release|x86.ActiveCfg = Release|Any CPU
		{7945C2A9-B2DB-4498-A607-298719365406}.Release|x86.Build.0 = Release|Any CPU
		{6A1BCCB6-AB4F-4C24-9CC5-30D70EC95620}.Debug|Any CPU.ActiveCfg = Debug|Any CPU
		{6A1BCCB6-AB4F-4C24-9CC5-30D70EC95620}.Debug|Any CPU.Build.0 = Debug|Any CPU
		{6A1BCCB6-AB4F-4C24-9CC5-30D70EC95620}.Debug|x64.ActiveCfg = Debug|Any CPU
		{6A1BCCB6-AB4F-4C24-9CC5-30D70EC95620}.Debug|x64.Build.0 = Debug|Any CPU
		{6A1BCCB6-AB4F-4C24-9CC5-30D70EC95620}.Debug|x86.ActiveCfg = Debug|Any CPU
		{6A1BCCB6-AB4F-4C24-9CC5-30D70EC95620}.Debug|x86.Build.0 = Debug|Any CPU
		{6A1BCCB6-AB4F-4C24-9CC5-30D70EC95620}.Release|Any CPU.ActiveCfg = Release|Any CPU
		{6A1BCCB6-AB4F-4C24-9CC5-30D70EC95620}.Release|Any CPU.Build.0 = Release|Any CPU
		{6A1BCCB6-AB4F-4C24-9CC5-30D70EC95620}.Release|x64.ActiveCfg = Release|Any CPU
		{6A1BCCB6-AB4F-4C24-9CC5-30D70EC95620}.Release|x64.Build.0 = Release|Any CPU
		{6A1BCCB6-AB4F-4C24-9CC5-30D70EC95620}.Release|x86.ActiveCfg = Release|Any CPU
		{6A1BCCB6-AB4F-4C24-9CC5-30D70EC95620}.Release|x86.Build.0 = Release|Any CPU
		{24E482F7-6006-4E87-87CE-5A485C809586}.Debug|Any CPU.ActiveCfg = Debug|Any CPU
		{24E482F7-6006-4E87-87CE-5A485C809586}.Debug|Any CPU.Build.0 = Debug|Any CPU
		{24E482F7-6006-4E87-87CE-5A485C809586}.Debug|x64.ActiveCfg = Debug|Any CPU
		{24E482F7-6006-4E87-87CE-5A485C809586}.Debug|x64.Build.0 = Debug|Any CPU
		{24E482F7-6006-4E87-87CE-5A485C809586}.Debug|x86.ActiveCfg = Debug|Any CPU
		{24E482F7-6006-4E87-87CE-5A485C809586}.Debug|x86.Build.0 = Debug|Any CPU
		{24E482F7-6006-4E87-87CE-5A485C809586}.Release|Any CPU.ActiveCfg = Release|Any CPU
		{24E482F7-6006-4E87-87CE-5A485C809586}.Release|Any CPU.Build.0 = Release|Any CPU
		{24E482F7-6006-4E87-87CE-5A485C809586}.Release|x64.ActiveCfg = Release|Any CPU
		{24E482F7-6006-4E87-87CE-5A485C809586}.Release|x64.Build.0 = Release|Any CPU
		{24E482F7-6006-4E87-87CE-5A485C809586}.Release|x86.ActiveCfg = Release|Any CPU
		{24E482F7-6006-4E87-87CE-5A485C809586}.Release|x86.Build.0 = Release|Any CPU
		{AB45EAA6-C353-46D7-8E90-60962B544826}.Debug|Any CPU.ActiveCfg = Debug|Any CPU
		{AB45EAA6-C353-46D7-8E90-60962B544826}.Debug|Any CPU.Build.0 = Debug|Any CPU
		{AB45EAA6-C353-46D7-8E90-60962B544826}.Debug|x64.ActiveCfg = Debug|Any CPU
		{AB45EAA6-C353-46D7-8E90-60962B544826}.Debug|x64.Build.0 = Debug|Any CPU
		{AB45EAA6-C353-46D7-8E90-60962B544826}.Debug|x86.ActiveCfg = Debug|Any CPU
		{AB45EAA6-C353-46D7-8E90-60962B544826}.Debug|x86.Build.0 = Debug|Any CPU
		{AB45EAA6-C353-46D7-8E90-60962B544826}.Release|Any CPU.ActiveCfg = Release|Any CPU
		{AB45EAA6-C353-46D7-8E90-60962B544826}.Release|Any CPU.Build.0 = Release|Any CPU
		{AB45EAA6-C353-46D7-8E90-60962B544826}.Release|x64.ActiveCfg = Release|Any CPU
		{AB45EAA6-C353-46D7-8E90-60962B544826}.Release|x64.Build.0 = Release|Any CPU
		{AB45EAA6-C353-46D7-8E90-60962B544826}.Release|x86.ActiveCfg = Release|Any CPU
		{AB45EAA6-C353-46D7-8E90-60962B544826}.Release|x86.Build.0 = Release|Any CPU
		{81246AAA-4516-4B83-92CB-C78AE0BC0D78}.Debug|Any CPU.ActiveCfg = Debug|Any CPU
		{81246AAA-4516-4B83-92CB-C78AE0BC0D78}.Debug|Any CPU.Build.0 = Debug|Any CPU
		{81246AAA-4516-4B83-92CB-C78AE0BC0D78}.Debug|x64.ActiveCfg = Debug|Any CPU
		{81246AAA-4516-4B83-92CB-C78AE0BC0D78}.Debug|x64.Build.0 = Debug|Any CPU
		{81246AAA-4516-4B83-92CB-C78AE0BC0D78}.Debug|x86.ActiveCfg = Debug|Any CPU
		{81246AAA-4516-4B83-92CB-C78AE0BC0D78}.Debug|x86.Build.0 = Debug|Any CPU
		{81246AAA-4516-4B83-92CB-C78AE0BC0D78}.Release|Any CPU.ActiveCfg = Release|Any CPU
		{81246AAA-4516-4B83-92CB-C78AE0BC0D78}.Release|Any CPU.Build.0 = Release|Any CPU
		{81246AAA-4516-4B83-92CB-C78AE0BC0D78}.Release|x64.ActiveCfg = Release|Any CPU
		{81246AAA-4516-4B83-92CB-C78AE0BC0D78}.Release|x64.Build.0 = Release|Any CPU
		{81246AAA-4516-4B83-92CB-C78AE0BC0D78}.Release|x86.ActiveCfg = Release|Any CPU
		{81246AAA-4516-4B83-92CB-C78AE0BC0D78}.Release|x86.Build.0 = Release|Any CPU
		{B777F5E8-8D8C-4E89-AE66-A724ED32ABED}.Debug|Any CPU.ActiveCfg = Debug|Any CPU
		{B777F5E8-8D8C-4E89-AE66-A724ED32ABED}.Debug|Any CPU.Build.0 = Debug|Any CPU
		{B777F5E8-8D8C-4E89-AE66-A724ED32ABED}.Debug|x64.ActiveCfg = Debug|Any CPU
		{B777F5E8-8D8C-4E89-AE66-A724ED32ABED}.Debug|x64.Build.0 = Debug|Any CPU
		{B777F5E8-8D8C-4E89-AE66-A724ED32ABED}.Debug|x86.ActiveCfg = Debug|Any CPU
		{B777F5E8-8D8C-4E89-AE66-A724ED32ABED}.Debug|x86.Build.0 = Debug|Any CPU
		{B777F5E8-8D8C-4E89-AE66-A724ED32ABED}.Release|Any CPU.ActiveCfg = Release|Any CPU
		{B777F5E8-8D8C-4E89-AE66-A724ED32ABED}.Release|Any CPU.Build.0 = Release|Any CPU
		{B777F5E8-8D8C-4E89-AE66-A724ED32ABED}.Release|x64.ActiveCfg = Release|Any CPU
		{B777F5E8-8D8C-4E89-AE66-A724ED32ABED}.Release|x64.Build.0 = Release|Any CPU
		{B777F5E8-8D8C-4E89-AE66-A724ED32ABED}.Release|x86.ActiveCfg = Release|Any CPU
		{B777F5E8-8D8C-4E89-AE66-A724ED32ABED}.Release|x86.Build.0 = Release|Any CPU
		{2E095418-D0C7-4DFD-A804-F14AA8120BE9}.Debug|Any CPU.ActiveCfg = Debug|Any CPU
		{2E095418-D0C7-4DFD-A804-F14AA8120BE9}.Debug|Any CPU.Build.0 = Debug|Any CPU
		{2E095418-D0C7-4DFD-A804-F14AA8120BE9}.Debug|x64.ActiveCfg = Debug|Any CPU
		{2E095418-D0C7-4DFD-A804-F14AA8120BE9}.Debug|x64.Build.0 = Debug|Any CPU
		{2E095418-D0C7-4DFD-A804-F14AA8120BE9}.Debug|x86.ActiveCfg = Debug|Any CPU
		{2E095418-D0C7-4DFD-A804-F14AA8120BE9}.Debug|x86.Build.0 = Debug|Any CPU
		{2E095418-D0C7-4DFD-A804-F14AA8120BE9}.Release|Any CPU.ActiveCfg = Release|Any CPU
		{2E095418-D0C7-4DFD-A804-F14AA8120BE9}.Release|Any CPU.Build.0 = Release|Any CPU
		{2E095418-D0C7-4DFD-A804-F14AA8120BE9}.Release|x64.ActiveCfg = Release|Any CPU
		{2E095418-D0C7-4DFD-A804-F14AA8120BE9}.Release|x64.Build.0 = Release|Any CPU
		{2E095418-D0C7-4DFD-A804-F14AA8120BE9}.Release|x86.ActiveCfg = Release|Any CPU
		{2E095418-D0C7-4DFD-A804-F14AA8120BE9}.Release|x86.Build.0 = Release|Any CPU
		{95BA26C5-CB99-4176-8C19-E9A24D34A4B7}.Debug|Any CPU.ActiveCfg = Debug|Any CPU
		{95BA26C5-CB99-4176-8C19-E9A24D34A4B7}.Debug|Any CPU.Build.0 = Debug|Any CPU
		{95BA26C5-CB99-4176-8C19-E9A24D34A4B7}.Debug|x64.ActiveCfg = Debug|Any CPU
		{95BA26C5-CB99-4176-8C19-E9A24D34A4B7}.Debug|x64.Build.0 = Debug|Any CPU
		{95BA26C5-CB99-4176-8C19-E9A24D34A4B7}.Debug|x86.ActiveCfg = Debug|Any CPU
		{95BA26C5-CB99-4176-8C19-E9A24D34A4B7}.Debug|x86.Build.0 = Debug|Any CPU
		{95BA26C5-CB99-4176-8C19-E9A24D34A4B7}.Release|Any CPU.ActiveCfg = Release|Any CPU
		{95BA26C5-CB99-4176-8C19-E9A24D34A4B7}.Release|Any CPU.Build.0 = Release|Any CPU
		{95BA26C5-CB99-4176-8C19-E9A24D34A4B7}.Release|x64.ActiveCfg = Release|Any CPU
		{95BA26C5-CB99-4176-8C19-E9A24D34A4B7}.Release|x64.Build.0 = Release|Any CPU
		{95BA26C5-CB99-4176-8C19-E9A24D34A4B7}.Release|x86.ActiveCfg = Release|Any CPU
		{95BA26C5-CB99-4176-8C19-E9A24D34A4B7}.Release|x86.Build.0 = Release|Any CPU
		{BB23AA1D-CE20-4FEB-8001-F30062D6B3DA}.Debug|Any CPU.ActiveCfg = Debug|Any CPU
		{BB23AA1D-CE20-4FEB-8001-F30062D6B3DA}.Debug|Any CPU.Build.0 = Debug|Any CPU
		{BB23AA1D-CE20-4FEB-8001-F30062D6B3DA}.Debug|x64.ActiveCfg = Debug|Any CPU
		{BB23AA1D-CE20-4FEB-8001-F30062D6B3DA}.Debug|x64.Build.0 = Debug|Any CPU
		{BB23AA1D-CE20-4FEB-8001-F30062D6B3DA}.Debug|x86.ActiveCfg = Debug|Any CPU
		{BB23AA1D-CE20-4FEB-8001-F30062D6B3DA}.Debug|x86.Build.0 = Debug|Any CPU
		{BB23AA1D-CE20-4FEB-8001-F30062D6B3DA}.Release|Any CPU.ActiveCfg = Release|Any CPU
		{BB23AA1D-CE20-4FEB-8001-F30062D6B3DA}.Release|Any CPU.Build.0 = Release|Any CPU
		{BB23AA1D-CE20-4FEB-8001-F30062D6B3DA}.Release|x64.ActiveCfg = Release|Any CPU
		{BB23AA1D-CE20-4FEB-8001-F30062D6B3DA}.Release|x64.Build.0 = Release|Any CPU
		{BB23AA1D-CE20-4FEB-8001-F30062D6B3DA}.Release|x86.ActiveCfg = Release|Any CPU
		{BB23AA1D-CE20-4FEB-8001-F30062D6B3DA}.Release|x86.Build.0 = Release|Any CPU
		{B201B311-2A16-4F50-85B8-060FC4B1BED8}.Debug|Any CPU.ActiveCfg = Debug|Any CPU
		{B201B311-2A16-4F50-85B8-060FC4B1BED8}.Debug|Any CPU.Build.0 = Debug|Any CPU
		{B201B311-2A16-4F50-85B8-060FC4B1BED8}.Debug|x64.ActiveCfg = Debug|Any CPU
		{B201B311-2A16-4F50-85B8-060FC4B1BED8}.Debug|x64.Build.0 = Debug|Any CPU
		{B201B311-2A16-4F50-85B8-060FC4B1BED8}.Debug|x86.ActiveCfg = Debug|Any CPU
		{B201B311-2A16-4F50-85B8-060FC4B1BED8}.Debug|x86.Build.0 = Debug|Any CPU
		{B201B311-2A16-4F50-85B8-060FC4B1BED8}.Release|Any CPU.ActiveCfg = Release|Any CPU
		{B201B311-2A16-4F50-85B8-060FC4B1BED8}.Release|Any CPU.Build.0 = Release|Any CPU
		{B201B311-2A16-4F50-85B8-060FC4B1BED8}.Release|x64.ActiveCfg = Release|Any CPU
		{B201B311-2A16-4F50-85B8-060FC4B1BED8}.Release|x64.Build.0 = Release|Any CPU
		{B201B311-2A16-4F50-85B8-060FC4B1BED8}.Release|x86.ActiveCfg = Release|Any CPU
		{B201B311-2A16-4F50-85B8-060FC4B1BED8}.Release|x86.Build.0 = Release|Any CPU
		{99BD944E-AA85-40FC-88DE-BC87A2BD4F91}.Debug|Any CPU.ActiveCfg = Debug|Any CPU
		{99BD944E-AA85-40FC-88DE-BC87A2BD4F91}.Debug|Any CPU.Build.0 = Debug|Any CPU
		{99BD944E-AA85-40FC-88DE-BC87A2BD4F91}.Debug|x64.ActiveCfg = Debug|Any CPU
		{99BD944E-AA85-40FC-88DE-BC87A2BD4F91}.Debug|x64.Build.0 = Debug|Any CPU
		{99BD944E-AA85-40FC-88DE-BC87A2BD4F91}.Debug|x86.ActiveCfg = Debug|Any CPU
		{99BD944E-AA85-40FC-88DE-BC87A2BD4F91}.Debug|x86.Build.0 = Debug|Any CPU
		{99BD944E-AA85-40FC-88DE-BC87A2BD4F91}.Release|Any CPU.ActiveCfg = Release|Any CPU
		{99BD944E-AA85-40FC-88DE-BC87A2BD4F91}.Release|Any CPU.Build.0 = Release|Any CPU
		{99BD944E-AA85-40FC-88DE-BC87A2BD4F91}.Release|x64.ActiveCfg = Release|Any CPU
		{99BD944E-AA85-40FC-88DE-BC87A2BD4F91}.Release|x64.Build.0 = Release|Any CPU
		{99BD944E-AA85-40FC-88DE-BC87A2BD4F91}.Release|x86.ActiveCfg = Release|Any CPU
		{99BD944E-AA85-40FC-88DE-BC87A2BD4F91}.Release|x86.Build.0 = Release|Any CPU
		{227EEF6E-8BC1-47AC-AE29-1CC8190E520A}.Debug|Any CPU.ActiveCfg = Debug|Any CPU
		{227EEF6E-8BC1-47AC-AE29-1CC8190E520A}.Debug|Any CPU.Build.0 = Debug|Any CPU
		{227EEF6E-8BC1-47AC-AE29-1CC8190E520A}.Debug|x64.ActiveCfg = Debug|Any CPU
		{227EEF6E-8BC1-47AC-AE29-1CC8190E520A}.Debug|x64.Build.0 = Debug|Any CPU
		{227EEF6E-8BC1-47AC-AE29-1CC8190E520A}.Debug|x86.ActiveCfg = Debug|Any CPU
		{227EEF6E-8BC1-47AC-AE29-1CC8190E520A}.Debug|x86.Build.0 = Debug|Any CPU
		{227EEF6E-8BC1-47AC-AE29-1CC8190E520A}.Release|Any CPU.ActiveCfg = Release|Any CPU
		{227EEF6E-8BC1-47AC-AE29-1CC8190E520A}.Release|Any CPU.Build.0 = Release|Any CPU
		{227EEF6E-8BC1-47AC-AE29-1CC8190E520A}.Release|x64.ActiveCfg = Release|Any CPU
		{227EEF6E-8BC1-47AC-AE29-1CC8190E520A}.Release|x64.Build.0 = Release|Any CPU
		{227EEF6E-8BC1-47AC-AE29-1CC8190E520A}.Release|x86.ActiveCfg = Release|Any CPU
		{227EEF6E-8BC1-47AC-AE29-1CC8190E520A}.Release|x86.Build.0 = Release|Any CPU
		{73ED98CB-D066-47F5-A5AC-26883A930276}.Debug|Any CPU.ActiveCfg = Debug|Any CPU
		{73ED98CB-D066-47F5-A5AC-26883A930276}.Debug|Any CPU.Build.0 = Debug|Any CPU
		{73ED98CB-D066-47F5-A5AC-26883A930276}.Debug|x64.ActiveCfg = Debug|Any CPU
		{73ED98CB-D066-47F5-A5AC-26883A930276}.Debug|x64.Build.0 = Debug|Any CPU
		{73ED98CB-D066-47F5-A5AC-26883A930276}.Debug|x86.ActiveCfg = Debug|Any CPU
		{73ED98CB-D066-47F5-A5AC-26883A930276}.Debug|x86.Build.0 = Debug|Any CPU
		{73ED98CB-D066-47F5-A5AC-26883A930276}.Release|Any CPU.ActiveCfg = Release|Any CPU
		{73ED98CB-D066-47F5-A5AC-26883A930276}.Release|Any CPU.Build.0 = Release|Any CPU
		{73ED98CB-D066-47F5-A5AC-26883A930276}.Release|x64.ActiveCfg = Release|Any CPU
		{73ED98CB-D066-47F5-A5AC-26883A930276}.Release|x64.Build.0 = Release|Any CPU
		{73ED98CB-D066-47F5-A5AC-26883A930276}.Release|x86.ActiveCfg = Release|Any CPU
		{73ED98CB-D066-47F5-A5AC-26883A930276}.Release|x86.Build.0 = Release|Any CPU
		{3EB286EB-7B8D-47BA-87C6-04330A0EAF8A}.Debug|Any CPU.ActiveCfg = Debug|Any CPU
		{3EB286EB-7B8D-47BA-87C6-04330A0EAF8A}.Debug|Any CPU.Build.0 = Debug|Any CPU
		{3EB286EB-7B8D-47BA-87C6-04330A0EAF8A}.Debug|x64.ActiveCfg = Debug|Any CPU
		{3EB286EB-7B8D-47BA-87C6-04330A0EAF8A}.Debug|x64.Build.0 = Debug|Any CPU
		{3EB286EB-7B8D-47BA-87C6-04330A0EAF8A}.Debug|x86.ActiveCfg = Debug|Any CPU
		{3EB286EB-7B8D-47BA-87C6-04330A0EAF8A}.Debug|x86.Build.0 = Debug|Any CPU
		{3EB286EB-7B8D-47BA-87C6-04330A0EAF8A}.Release|Any CPU.ActiveCfg = Release|Any CPU
		{3EB286EB-7B8D-47BA-87C6-04330A0EAF8A}.Release|Any CPU.Build.0 = Release|Any CPU
		{3EB286EB-7B8D-47BA-87C6-04330A0EAF8A}.Release|x64.ActiveCfg = Release|Any CPU
		{3EB286EB-7B8D-47BA-87C6-04330A0EAF8A}.Release|x64.Build.0 = Release|Any CPU
		{3EB286EB-7B8D-47BA-87C6-04330A0EAF8A}.Release|x86.ActiveCfg = Release|Any CPU
		{3EB286EB-7B8D-47BA-87C6-04330A0EAF8A}.Release|x86.Build.0 = Release|Any CPU
		{787B6374-455B-4953-8C79-1D17A3B75F0D}.Debug|Any CPU.ActiveCfg = Debug|Any CPU
		{787B6374-455B-4953-8C79-1D17A3B75F0D}.Debug|Any CPU.Build.0 = Debug|Any CPU
		{787B6374-455B-4953-8C79-1D17A3B75F0D}.Debug|x64.ActiveCfg = Debug|Any CPU
		{787B6374-455B-4953-8C79-1D17A3B75F0D}.Debug|x64.Build.0 = Debug|Any CPU
		{787B6374-455B-4953-8C79-1D17A3B75F0D}.Debug|x86.ActiveCfg = Debug|Any CPU
		{787B6374-455B-4953-8C79-1D17A3B75F0D}.Debug|x86.Build.0 = Debug|Any CPU
		{787B6374-455B-4953-8C79-1D17A3B75F0D}.Release|Any CPU.ActiveCfg = Release|Any CPU
		{787B6374-455B-4953-8C79-1D17A3B75F0D}.Release|Any CPU.Build.0 = Release|Any CPU
		{787B6374-455B-4953-8C79-1D17A3B75F0D}.Release|x64.ActiveCfg = Release|Any CPU
		{787B6374-455B-4953-8C79-1D17A3B75F0D}.Release|x64.Build.0 = Release|Any CPU
		{787B6374-455B-4953-8C79-1D17A3B75F0D}.Release|x86.ActiveCfg = Release|Any CPU
		{787B6374-455B-4953-8C79-1D17A3B75F0D}.Release|x86.Build.0 = Release|Any CPU
		{B35FA9C5-9528-4288-963D-3A4B58D3C289}.Debug|Any CPU.ActiveCfg = Debug|Any CPU
		{B35FA9C5-9528-4288-963D-3A4B58D3C289}.Debug|Any CPU.Build.0 = Debug|Any CPU
		{B35FA9C5-9528-4288-963D-3A4B58D3C289}.Debug|x64.ActiveCfg = Debug|Any CPU
		{B35FA9C5-9528-4288-963D-3A4B58D3C289}.Debug|x64.Build.0 = Debug|Any CPU
		{B35FA9C5-9528-4288-963D-3A4B58D3C289}.Debug|x86.ActiveCfg = Debug|Any CPU
		{B35FA9C5-9528-4288-963D-3A4B58D3C289}.Debug|x86.Build.0 = Debug|Any CPU
		{B35FA9C5-9528-4288-963D-3A4B58D3C289}.Release|Any CPU.ActiveCfg = Release|Any CPU
		{B35FA9C5-9528-4288-963D-3A4B58D3C289}.Release|Any CPU.Build.0 = Release|Any CPU
		{B35FA9C5-9528-4288-963D-3A4B58D3C289}.Release|x64.ActiveCfg = Release|Any CPU
		{B35FA9C5-9528-4288-963D-3A4B58D3C289}.Release|x64.Build.0 = Release|Any CPU
		{B35FA9C5-9528-4288-963D-3A4B58D3C289}.Release|x86.ActiveCfg = Release|Any CPU
		{B35FA9C5-9528-4288-963D-3A4B58D3C289}.Release|x86.Build.0 = Release|Any CPU
		{7A5EB5E5-F4F7-4DDA-9719-905C666DD63D}.Debug|Any CPU.ActiveCfg = Debug|Any CPU
		{7A5EB5E5-F4F7-4DDA-9719-905C666DD63D}.Debug|Any CPU.Build.0 = Debug|Any CPU
		{7A5EB5E5-F4F7-4DDA-9719-905C666DD63D}.Debug|x64.ActiveCfg = Debug|Any CPU
		{7A5EB5E5-F4F7-4DDA-9719-905C666DD63D}.Debug|x64.Build.0 = Debug|Any CPU
		{7A5EB5E5-F4F7-4DDA-9719-905C666DD63D}.Debug|x86.ActiveCfg = Debug|Any CPU
		{7A5EB5E5-F4F7-4DDA-9719-905C666DD63D}.Debug|x86.Build.0 = Debug|Any CPU
		{7A5EB5E5-F4F7-4DDA-9719-905C666DD63D}.Release|Any CPU.ActiveCfg = Release|Any CPU
		{7A5EB5E5-F4F7-4DDA-9719-905C666DD63D}.Release|Any CPU.Build.0 = Release|Any CPU
		{7A5EB5E5-F4F7-4DDA-9719-905C666DD63D}.Release|x64.ActiveCfg = Release|Any CPU
		{7A5EB5E5-F4F7-4DDA-9719-905C666DD63D}.Release|x64.Build.0 = Release|Any CPU
		{7A5EB5E5-F4F7-4DDA-9719-905C666DD63D}.Release|x86.ActiveCfg = Release|Any CPU
		{7A5EB5E5-F4F7-4DDA-9719-905C666DD63D}.Release|x86.Build.0 = Release|Any CPU
		{08F08F6E-D651-4E4D-91B4-0959130ED92C}.Debug|Any CPU.ActiveCfg = Debug|Any CPU
		{08F08F6E-D651-4E4D-91B4-0959130ED92C}.Debug|Any CPU.Build.0 = Debug|Any CPU
		{08F08F6E-D651-4E4D-91B4-0959130ED92C}.Debug|x64.ActiveCfg = Debug|Any CPU
		{08F08F6E-D651-4E4D-91B4-0959130ED92C}.Debug|x64.Build.0 = Debug|Any CPU
		{08F08F6E-D651-4E4D-91B4-0959130ED92C}.Debug|x86.ActiveCfg = Debug|Any CPU
		{08F08F6E-D651-4E4D-91B4-0959130ED92C}.Debug|x86.Build.0 = Debug|Any CPU
		{08F08F6E-D651-4E4D-91B4-0959130ED92C}.Release|Any CPU.ActiveCfg = Release|Any CPU
		{08F08F6E-D651-4E4D-91B4-0959130ED92C}.Release|Any CPU.Build.0 = Release|Any CPU
		{08F08F6E-D651-4E4D-91B4-0959130ED92C}.Release|x64.ActiveCfg = Release|Any CPU
		{08F08F6E-D651-4E4D-91B4-0959130ED92C}.Release|x64.Build.0 = Release|Any CPU
		{08F08F6E-D651-4E4D-91B4-0959130ED92C}.Release|x86.ActiveCfg = Release|Any CPU
		{08F08F6E-D651-4E4D-91B4-0959130ED92C}.Release|x86.Build.0 = Release|Any CPU
		{0BC2C5E2-0C36-4A22-8F7D-5349F689ACA7}.Debug|Any CPU.ActiveCfg = Debug|Any CPU
		{0BC2C5E2-0C36-4A22-8F7D-5349F689ACA7}.Debug|Any CPU.Build.0 = Debug|Any CPU
		{0BC2C5E2-0C36-4A22-8F7D-5349F689ACA7}.Debug|x64.ActiveCfg = Debug|Any CPU
		{0BC2C5E2-0C36-4A22-8F7D-5349F689ACA7}.Debug|x64.Build.0 = Debug|Any CPU
		{0BC2C5E2-0C36-4A22-8F7D-5349F689ACA7}.Debug|x86.ActiveCfg = Debug|Any CPU
		{0BC2C5E2-0C36-4A22-8F7D-5349F689ACA7}.Debug|x86.Build.0 = Debug|Any CPU
		{0BC2C5E2-0C36-4A22-8F7D-5349F689ACA7}.Release|Any CPU.ActiveCfg = Release|Any CPU
		{0BC2C5E2-0C36-4A22-8F7D-5349F689ACA7}.Release|Any CPU.Build.0 = Release|Any CPU
		{0BC2C5E2-0C36-4A22-8F7D-5349F689ACA7}.Release|x64.ActiveCfg = Release|Any CPU
		{0BC2C5E2-0C36-4A22-8F7D-5349F689ACA7}.Release|x64.Build.0 = Release|Any CPU
		{0BC2C5E2-0C36-4A22-8F7D-5349F689ACA7}.Release|x86.ActiveCfg = Release|Any CPU
		{0BC2C5E2-0C36-4A22-8F7D-5349F689ACA7}.Release|x86.Build.0 = Release|Any CPU
		{837E9383-4F81-4C22-A669-BC198CBC17C8}.Debug|Any CPU.ActiveCfg = Debug|Any CPU
		{837E9383-4F81-4C22-A669-BC198CBC17C8}.Debug|Any CPU.Build.0 = Debug|Any CPU
		{837E9383-4F81-4C22-A669-BC198CBC17C8}.Debug|x64.ActiveCfg = Debug|Any CPU
		{837E9383-4F81-4C22-A669-BC198CBC17C8}.Debug|x64.Build.0 = Debug|Any CPU
		{837E9383-4F81-4C22-A669-BC198CBC17C8}.Debug|x86.ActiveCfg = Debug|Any CPU
		{837E9383-4F81-4C22-A669-BC198CBC17C8}.Debug|x86.Build.0 = Debug|Any CPU
		{837E9383-4F81-4C22-A669-BC198CBC17C8}.Release|Any CPU.ActiveCfg = Release|Any CPU
		{837E9383-4F81-4C22-A669-BC198CBC17C8}.Release|Any CPU.Build.0 = Release|Any CPU
		{837E9383-4F81-4C22-A669-BC198CBC17C8}.Release|x64.ActiveCfg = Release|Any CPU
		{837E9383-4F81-4C22-A669-BC198CBC17C8}.Release|x64.Build.0 = Release|Any CPU
		{837E9383-4F81-4C22-A669-BC198CBC17C8}.Release|x86.ActiveCfg = Release|Any CPU
		{837E9383-4F81-4C22-A669-BC198CBC17C8}.Release|x86.Build.0 = Release|Any CPU
		{767D1397-35E0-40B3-9912-45F955E47D22}.Debug|Any CPU.ActiveCfg = Debug|Any CPU
		{767D1397-35E0-40B3-9912-45F955E47D22}.Debug|Any CPU.Build.0 = Debug|Any CPU
		{767D1397-35E0-40B3-9912-45F955E47D22}.Debug|x64.ActiveCfg = Debug|Any CPU
		{767D1397-35E0-40B3-9912-45F955E47D22}.Debug|x64.Build.0 = Debug|Any CPU
		{767D1397-35E0-40B3-9912-45F955E47D22}.Debug|x86.ActiveCfg = Debug|Any CPU
		{767D1397-35E0-40B3-9912-45F955E47D22}.Debug|x86.Build.0 = Debug|Any CPU
		{767D1397-35E0-40B3-9912-45F955E47D22}.Release|Any CPU.ActiveCfg = Release|Any CPU
		{767D1397-35E0-40B3-9912-45F955E47D22}.Release|Any CPU.Build.0 = Release|Any CPU
		{767D1397-35E0-40B3-9912-45F955E47D22}.Release|x64.ActiveCfg = Release|Any CPU
		{767D1397-35E0-40B3-9912-45F955E47D22}.Release|x64.Build.0 = Release|Any CPU
		{767D1397-35E0-40B3-9912-45F955E47D22}.Release|x86.ActiveCfg = Release|Any CPU
		{767D1397-35E0-40B3-9912-45F955E47D22}.Release|x86.Build.0 = Release|Any CPU
		{C750CF7D-419A-4A05-9BDA-6E2EC29FBDA7}.Debug|Any CPU.ActiveCfg = Debug|Any CPU
		{C750CF7D-419A-4A05-9BDA-6E2EC29FBDA7}.Debug|Any CPU.Build.0 = Debug|Any CPU
		{C750CF7D-419A-4A05-9BDA-6E2EC29FBDA7}.Debug|x64.ActiveCfg = Debug|Any CPU
		{C750CF7D-419A-4A05-9BDA-6E2EC29FBDA7}.Debug|x64.Build.0 = Debug|Any CPU
		{C750CF7D-419A-4A05-9BDA-6E2EC29FBDA7}.Debug|x86.ActiveCfg = Debug|Any CPU
		{C750CF7D-419A-4A05-9BDA-6E2EC29FBDA7}.Debug|x86.Build.0 = Debug|Any CPU
		{C750CF7D-419A-4A05-9BDA-6E2EC29FBDA7}.Release|Any CPU.ActiveCfg = Release|Any CPU
		{C750CF7D-419A-4A05-9BDA-6E2EC29FBDA7}.Release|Any CPU.Build.0 = Release|Any CPU
		{C750CF7D-419A-4A05-9BDA-6E2EC29FBDA7}.Release|x64.ActiveCfg = Release|Any CPU
		{C750CF7D-419A-4A05-9BDA-6E2EC29FBDA7}.Release|x64.Build.0 = Release|Any CPU
		{C750CF7D-419A-4A05-9BDA-6E2EC29FBDA7}.Release|x86.ActiveCfg = Release|Any CPU
		{C750CF7D-419A-4A05-9BDA-6E2EC29FBDA7}.Release|x86.Build.0 = Release|Any CPU
		{38E1D662-D7A0-4BB9-9748-9FCC51F15E62}.Debug|Any CPU.ActiveCfg = Debug|Any CPU
		{38E1D662-D7A0-4BB9-9748-9FCC51F15E62}.Debug|Any CPU.Build.0 = Debug|Any CPU
		{38E1D662-D7A0-4BB9-9748-9FCC51F15E62}.Debug|x64.ActiveCfg = Debug|Any CPU
		{38E1D662-D7A0-4BB9-9748-9FCC51F15E62}.Debug|x64.Build.0 = Debug|Any CPU
		{38E1D662-D7A0-4BB9-9748-9FCC51F15E62}.Debug|x86.ActiveCfg = Debug|Any CPU
		{38E1D662-D7A0-4BB9-9748-9FCC51F15E62}.Debug|x86.Build.0 = Debug|Any CPU
		{38E1D662-D7A0-4BB9-9748-9FCC51F15E62}.Release|Any CPU.ActiveCfg = Release|Any CPU
		{38E1D662-D7A0-4BB9-9748-9FCC51F15E62}.Release|Any CPU.Build.0 = Release|Any CPU
		{38E1D662-D7A0-4BB9-9748-9FCC51F15E62}.Release|x64.ActiveCfg = Release|Any CPU
		{38E1D662-D7A0-4BB9-9748-9FCC51F15E62}.Release|x64.Build.0 = Release|Any CPU
		{38E1D662-D7A0-4BB9-9748-9FCC51F15E62}.Release|x86.ActiveCfg = Release|Any CPU
		{38E1D662-D7A0-4BB9-9748-9FCC51F15E62}.Release|x86.Build.0 = Release|Any CPU
		{186685AF-680D-49F3-B269-D3C6AC1B0074}.Debug|Any CPU.ActiveCfg = Debug|Any CPU
		{186685AF-680D-49F3-B269-D3C6AC1B0074}.Debug|Any CPU.Build.0 = Debug|Any CPU
		{186685AF-680D-49F3-B269-D3C6AC1B0074}.Debug|x64.ActiveCfg = Debug|Any CPU
		{186685AF-680D-49F3-B269-D3C6AC1B0074}.Debug|x64.Build.0 = Debug|Any CPU
		{186685AF-680D-49F3-B269-D3C6AC1B0074}.Debug|x86.ActiveCfg = Debug|Any CPU
		{186685AF-680D-49F3-B269-D3C6AC1B0074}.Debug|x86.Build.0 = Debug|Any CPU
		{186685AF-680D-49F3-B269-D3C6AC1B0074}.Release|Any CPU.ActiveCfg = Release|Any CPU
		{186685AF-680D-49F3-B269-D3C6AC1B0074}.Release|Any CPU.Build.0 = Release|Any CPU
		{186685AF-680D-49F3-B269-D3C6AC1B0074}.Release|x64.ActiveCfg = Release|Any CPU
		{186685AF-680D-49F3-B269-D3C6AC1B0074}.Release|x64.Build.0 = Release|Any CPU
		{186685AF-680D-49F3-B269-D3C6AC1B0074}.Release|x86.ActiveCfg = Release|Any CPU
		{186685AF-680D-49F3-B269-D3C6AC1B0074}.Release|x86.Build.0 = Release|Any CPU
	EndGlobalSection
	GlobalSection(SolutionProperties) = preSolution
		HideSolutionNode = FALSE
	EndGlobalSection
	GlobalSection(ExtensibilityGlobals) = postSolution
		SolutionGuid = {67B2F491-CB31-4C02-AA2E-F7C1F10A6085}
	EndGlobalSection
EndGlobal
